// !$*UTF8*$!
{
	archiveVersion = 1;
	classes = {
	};
	objectVersion = 60;
	objects = {

/* Begin PBXBuildFile section */
		F129D4782C2ECCA0007003E4 /* OverviewNavBar.swift in Sources */ = {isa = PBXBuildFile; fileRef = F129D4772C2ECCA0007003E4 /* OverviewNavBar.swift */; };
		F129D47A2C2ECCE8007003E4 /* BaseView.swift in Sources */ = {isa = PBXBuildFile; fileRef = F129D4792C2ECCE8007003E4 /* BaseView.swift */; };
		F129D47C2C2EFC6C007003E4 /* WeekView.swift in Sources */ = {isa = PBXBuildFile; fileRef = F129D47B2C2EFC6C007003E4 /* WeekView.swift */; };
		F129D47E2C2EFEA3007003E4 /* WeekDayView.swift in Sources */ = {isa = PBXBuildFile; fileRef = F129D47D2C2EFEA3007003E4 /* WeekDayView.swift */; };
		F129D4802C2F0F65007003E4 /* CalendarExt.swift in Sources */ = {isa = PBXBuildFile; fileRef = F129D47F2C2F0F64007003E4 /* CalendarExt.swift */; };
		F12CD9B72C206EA2003A4BCA /* AppDelegate.swift in Sources */ = {isa = PBXBuildFile; fileRef = F12CD9B62C206EA2003A4BCA /* AppDelegate.swift */; };
		F12CD9B92C206EA2003A4BCA /* SceneDelegate.swift in Sources */ = {isa = PBXBuildFile; fileRef = F12CD9B82C206EA2003A4BCA /* SceneDelegate.swift */; };
		F12CD9BB2C206EA2003A4BCA /* OverviewController.swift in Sources */ = {isa = PBXBuildFile; fileRef = F12CD9BA2C206EA2003A4BCA /* OverviewController.swift */; };
		F12CD9C02C206EA5003A4BCA /* Assets.xcassets in Resources */ = {isa = PBXBuildFile; fileRef = F12CD9BF2C206EA5003A4BCA /* Assets.xcassets */; };
		F12CD9C32C206EA5003A4BCA /* Base in Resources */ = {isa = PBXBuildFile; fileRef = F12CD9C22C206EA5003A4BCA /* Base */; };
		F14817C42C2991BD00A30D20 /* TabBarController.swift in Sources */ = {isa = PBXBuildFile; fileRef = F14817C32C2991BD00A30D20 /* TabBarController.swift */; };
		F14817C62C29C1CA00A30D20 /* Localizable.xcstrings in Resources */ = {isa = PBXBuildFile; fileRef = F14817C52C29C1CA00A30D20 /* Localizable.xcstrings */; };
		F14817C82C29C2A900A30D20 /* R.swift in Sources */ = {isa = PBXBuildFile; fileRef = F14817C72C29C2A900A30D20 /* R.swift */; };
		F14817CB2C29CB8C00A30D20 /* NavBarController.swift in Sources */ = {isa = PBXBuildFile; fileRef = F14817CA2C29CB8C00A30D20 /* NavBarController.swift */; };
		F14817CE2C29EB5500A30D20 /* BaseController.swift in Sources */ = {isa = PBXBuildFile; fileRef = F14817CD2C29EB5500A30D20 /* BaseController.swift */; };
		F14817D02C29EEBA00A30D20 /* UIViewExt.swift in Sources */ = {isa = PBXBuildFile; fileRef = F14817CF2C29EEBA00A30D20 /* UIViewExt.swift */; };
		F14817D22C29F12A00A30D20 /* SessionController.swift in Sources */ = {isa = PBXBuildFile; fileRef = F14817D12C29F12A00A30D20 /* SessionController.swift */; };
		F14817D42C29F14400A30D20 /* ProgressController.swift in Sources */ = {isa = PBXBuildFile; fileRef = F14817D32C29F14400A30D20 /* ProgressController.swift */; };
		F14817D62C29F15B00A30D20 /* SettingsController.swift in Sources */ = {isa = PBXBuildFile; fileRef = F14817D52C29F15B00A30D20 /* SettingsController.swift */; };
		F15F1CB52C30171400161DCB /* BaseInfoView.swift in Sources */ = {isa = PBXBuildFile; fileRef = F15F1CB42C30171400161DCB /* BaseInfoView.swift */; };
		F1C14FDF2C2DC16B0017EE1B /* WAButton.swift in Sources */ = {isa = PBXBuildFile; fileRef = F1C14FDE2C2DC16B0017EE1B /* WAButton.swift */; };
/* End PBXBuildFile section */

/* Begin PBXFileReference section */
		F129D4772C2ECCA0007003E4 /* OverviewNavBar.swift */ = {isa = PBXFileReference; lastKnownFileType = sourcecode.swift; path = OverviewNavBar.swift; sourceTree = "<group>"; };
		F129D4792C2ECCE8007003E4 /* BaseView.swift */ = {isa = PBXFileReference; lastKnownFileType = sourcecode.swift; path = BaseView.swift; sourceTree = "<group>"; };
		F129D47B2C2EFC6C007003E4 /* WeekView.swift */ = {isa = PBXFileReference; lastKnownFileType = sourcecode.swift; path = WeekView.swift; sourceTree = "<group>"; };
		F129D47D2C2EFEA3007003E4 /* WeekDayView.swift */ = {isa = PBXFileReference; lastKnownFileType = sourcecode.swift; path = WeekDayView.swift; sourceTree = "<group>"; };
		F129D47F2C2F0F64007003E4 /* CalendarExt.swift */ = {isa = PBXFileReference; lastKnownFileType = sourcecode.swift; path = CalendarExt.swift; sourceTree = "<group>"; };
		F12CD9B32C206EA2003A4BCA /* WorkoutTracking.app */ = {isa = PBXFileReference; explicitFileType = wrapper.application; includeInIndex = 0; path = WorkoutTracking.app; sourceTree = BUILT_PRODUCTS_DIR; };
		F12CD9B62C206EA2003A4BCA /* AppDelegate.swift */ = {isa = PBXFileReference; lastKnownFileType = sourcecode.swift; path = AppDelegate.swift; sourceTree = "<group>"; };
		F12CD9B82C206EA2003A4BCA /* SceneDelegate.swift */ = {isa = PBXFileReference; lastKnownFileType = sourcecode.swift; path = SceneDelegate.swift; sourceTree = "<group>"; };
		F12CD9BA2C206EA2003A4BCA /* OverviewController.swift */ = {isa = PBXFileReference; lastKnownFileType = sourcecode.swift; path = OverviewController.swift; sourceTree = "<group>"; };
		F12CD9BF2C206EA5003A4BCA /* Assets.xcassets */ = {isa = PBXFileReference; lastKnownFileType = folder.assetcatalog; path = Assets.xcassets; sourceTree = "<group>"; };
		F12CD9C22C206EA5003A4BCA /* Base */ = {isa = PBXFileReference; lastKnownFileType = file.storyboard; name = Base; path = Base.lproj/LaunchScreen.storyboard; sourceTree = "<group>"; };
		F12CD9C42C206EA5003A4BCA /* Info.plist */ = {isa = PBXFileReference; lastKnownFileType = text.plist.xml; path = Info.plist; sourceTree = "<group>"; };
		F14817C32C2991BD00A30D20 /* TabBarController.swift */ = {isa = PBXFileReference; lastKnownFileType = sourcecode.swift; path = TabBarController.swift; sourceTree = "<group>"; };
		F14817C52C29C1CA00A30D20 /* Localizable.xcstrings */ = {isa = PBXFileReference; lastKnownFileType = text.json.xcstrings; path = Localizable.xcstrings; sourceTree = "<group>"; };
		F14817C72C29C2A900A30D20 /* R.swift */ = {isa = PBXFileReference; lastKnownFileType = sourcecode.swift; path = R.swift; sourceTree = "<group>"; };
		F14817CA2C29CB8C00A30D20 /* NavBarController.swift */ = {isa = PBXFileReference; lastKnownFileType = sourcecode.swift; path = NavBarController.swift; sourceTree = "<group>"; };
		F14817CD2C29EB5500A30D20 /* BaseController.swift */ = {isa = PBXFileReference; lastKnownFileType = sourcecode.swift; path = BaseController.swift; sourceTree = "<group>"; };
		F14817CF2C29EEBA00A30D20 /* UIViewExt.swift */ = {isa = PBXFileReference; lastKnownFileType = sourcecode.swift; path = UIViewExt.swift; sourceTree = "<group>"; };
		F14817D12C29F12A00A30D20 /* SessionController.swift */ = {isa = PBXFileReference; lastKnownFileType = sourcecode.swift; path = SessionController.swift; sourceTree = "<group>"; };
		F14817D32C29F14400A30D20 /* ProgressController.swift */ = {isa = PBXFileReference; lastKnownFileType = sourcecode.swift; path = ProgressController.swift; sourceTree = "<group>"; };
		F14817D52C29F15B00A30D20 /* SettingsController.swift */ = {isa = PBXFileReference; lastKnownFileType = sourcecode.swift; path = SettingsController.swift; sourceTree = "<group>"; };
		F15F1CB42C30171400161DCB /* BaseInfoView.swift */ = {isa = PBXFileReference; lastKnownFileType = sourcecode.swift; path = BaseInfoView.swift; sourceTree = "<group>"; };
		F1C14FDE2C2DC16B0017EE1B /* WAButton.swift */ = {isa = PBXFileReference; lastKnownFileType = sourcecode.swift; path = WAButton.swift; sourceTree = "<group>"; };
/* End PBXFileReference section */

/* Begin PBXFrameworksBuildPhase section */
		F12CD9B02C206EA2003A4BCA /* Frameworks */ = {
			isa = PBXFrameworksBuildPhase;
			buildActionMask = 2147483647;
			files = (
			);
			runOnlyForDeploymentPostprocessing = 0;
		};
/* End PBXFrameworksBuildPhase section */

/* Begin PBXGroup section */
		F12CD9AA2C206EA2003A4BCA = {
			isa = PBXGroup;
			children = (
				F12CD9B52C206EA2003A4BCA /* WorkoutTracking */,
				F12CD9B42C206EA2003A4BCA /* Products */,
			);
			sourceTree = "<group>";
		};
		F12CD9B42C206EA2003A4BCA /* Products */ = {
			isa = PBXGroup;
			children = (
				F12CD9B32C206EA2003A4BCA /* WorkoutTracking.app */,
			);
			name = Products;
			sourceTree = "<group>";
		};
		F12CD9B52C206EA2003A4BCA /* WorkoutTracking */ = {
			isa = PBXGroup;
			children = (
				F14817C22C29911800A30D20 /* application */,
				F14817C12C29828C00A30D20 /* resources */,
				F14817C02C29828300A30D20 /* data */,
				F14817BF2C29827B00A30D20 /* ui */,
			);
			path = WorkoutTracking;
			sourceTree = "<group>";
		};
		F14817BF2C29827B00A30D20 /* ui */ = {
			isa = PBXGroup;
			children = (
				F1C14FDD2C2DC12B0017EE1B /* views */,
				F14817CC2C29EB1F00A30D20 /* controllers */,
			);
			path = ui;
			sourceTree = "<group>";
		};
		F14817C02C29828300A30D20 /* data */ = {
			isa = PBXGroup;
			children = (
			);
			path = data;
			sourceTree = "<group>";
		};
		F14817C12C29828C00A30D20 /* resources */ = {
			isa = PBXGroup;
			children = (
				F14817C52C29C1CA00A30D20 /* Localizable.xcstrings */,
				F12CD9BF2C206EA5003A4BCA /* Assets.xcassets */,
				F12CD9C42C206EA5003A4BCA /* Info.plist */,
				F12CD9C12C206EA5003A4BCA /* LaunchScreen.storyboard */,
				F14817C72C29C2A900A30D20 /* R.swift */,
				F129D47F2C2F0F64007003E4 /* CalendarExt.swift */,
			);
			path = resources;
			sourceTree = "<group>";
		};
		F14817C22C29911800A30D20 /* application */ = {
			isa = PBXGroup;
			children = (
				F12CD9B62C206EA2003A4BCA /* AppDelegate.swift */,
				F12CD9B82C206EA2003A4BCA /* SceneDelegate.swift */,
			);
			path = application;
			sourceTree = "<group>";
		};
		F14817CC2C29EB1F00A30D20 /* controllers */ = {
			isa = PBXGroup;
			children = (
				F15F1CB32C30145200161DCB /* base */,
				F15F1CAE2C30124F00161DCB /* navigation */,
				F15F1CAF2C30126A00161DCB /* overview */,
				F15F1CB02C3013EF00161DCB /* session */,
				F15F1CB12C3013FF00161DCB /* progress */,
				F15F1CB22C30141300161DCB /* settings */,
			);
			path = controllers;
			sourceTree = "<group>";
		};
		F15F1CAE2C30124F00161DCB /* navigation */ = {
			isa = PBXGroup;
			children = (
				F14817CA2C29CB8C00A30D20 /* NavBarController.swift */,
				F14817C32C2991BD00A30D20 /* TabBarController.swift */,
			);
			path = navigation;
			sourceTree = "<group>";
		};
		F15F1CAF2C30126A00161DCB /* overview */ = {
			isa = PBXGroup;
			children = (
				F12CD9BA2C206EA2003A4BCA /* OverviewController.swift */,
				F129D4772C2ECCA0007003E4 /* OverviewNavBar.swift */,
				F129D47B2C2EFC6C007003E4 /* WeekView.swift */,
				F129D47D2C2EFEA3007003E4 /* WeekDayView.swift */,
			);
			path = overview;
			sourceTree = "<group>";
		};
		F15F1CB02C3013EF00161DCB /* session */ = {
			isa = PBXGroup;
			children = (
				F14817D12C29F12A00A30D20 /* SessionController.swift */,
			);
			path = session;
			sourceTree = "<group>";
		};
		F15F1CB12C3013FF00161DCB /* progress */ = {
			isa = PBXGroup;
			children = (
				F14817D32C29F14400A30D20 /* ProgressController.swift */,
			);
			path = progress;
			sourceTree = "<group>";
		};
		F15F1CB22C30141300161DCB /* settings */ = {
			isa = PBXGroup;
			children = (
				F14817D52C29F15B00A30D20 /* SettingsController.swift */,
			);
			path = settings;
			sourceTree = "<group>";
		};
		F15F1CB32C30145200161DCB /* base */ = {
			isa = PBXGroup;
			children = (
				F14817CD2C29EB5500A30D20 /* BaseController.swift */,
			);
			path = base;
			sourceTree = "<group>";
		};
		F1C14FDD2C2DC12B0017EE1B /* views */ = {
			isa = PBXGroup;
			children = (
				F14817CF2C29EEBA00A30D20 /* UIViewExt.swift */,
				F1C14FDE2C2DC16B0017EE1B /* WAButton.swift */,
				F129D4792C2ECCE8007003E4 /* BaseView.swift */,
				F15F1CB42C30171400161DCB /* BaseInfoView.swift */,
			);
			path = views;
			sourceTree = "<group>";
		};
/* End PBXGroup section */

/* Begin PBXNativeTarget section */
		F12CD9B22C206EA2003A4BCA /* WorkoutTracking */ = {
			isa = PBXNativeTarget;
			buildConfigurationList = F12CD9C72C206EA5003A4BCA /* Build configuration list for PBXNativeTarget "WorkoutTracking" */;
			buildPhases = (
				F12CD9AF2C206EA2003A4BCA /* Sources */,
				F12CD9B02C206EA2003A4BCA /* Frameworks */,
				F12CD9B12C206EA2003A4BCA /* Resources */,
			);
			buildRules = (
			);
			dependencies = (
			);
			name = WorkoutTracking;
			productName = WorkoutTracking;
			productReference = F12CD9B32C206EA2003A4BCA /* WorkoutTracking.app */;
			productType = "com.apple.product-type.application";
		};
/* End PBXNativeTarget section */

/* Begin PBXProject section */
		F12CD9AB2C206EA2003A4BCA /* Project object */ = {
			isa = PBXProject;
			attributes = {
				BuildIndependentTargetsInParallel = 1;
				LastSwiftUpdateCheck = 1600;
				LastUpgradeCheck = 1600;
				TargetAttributes = {
					F12CD9B22C206EA2003A4BCA = {
						CreatedOnToolsVersion = 16.0;
					};
				};
			};
			buildConfigurationList = F12CD9AE2C206EA2003A4BCA /* Build configuration list for PBXProject "WorkoutTracking" */;
			compatibilityVersion = "Xcode 15.0";
			developmentRegion = en;
			hasScannedForEncodings = 0;
			knownRegions = (
				en,
				Base,
				ru,
				uk,
			);
			mainGroup = F12CD9AA2C206EA2003A4BCA;
			productRefGroup = F12CD9B42C206EA2003A4BCA /* Products */;
			projectDirPath = "";
			projectRoot = "";
			targets = (
				F12CD9B22C206EA2003A4BCA /* WorkoutTracking */,
			);
		};
/* End PBXProject section */

/* Begin PBXResourcesBuildPhase section */
		F12CD9B12C206EA2003A4BCA /* Resources */ = {
			isa = PBXResourcesBuildPhase;
			buildActionMask = 2147483647;
			files = (
				F12CD9C02C206EA5003A4BCA /* Assets.xcassets in Resources */,
				F12CD9C32C206EA5003A4BCA /* Base in Resources */,
				F14817C62C29C1CA00A30D20 /* Localizable.xcstrings in Resources */,
			);
			runOnlyForDeploymentPostprocessing = 0;
		};
/* End PBXResourcesBuildPhase section */

/* Begin PBXSourcesBuildPhase section */
		F12CD9AF2C206EA2003A4BCA /* Sources */ = {
			isa = PBXSourcesBuildPhase;
			buildActionMask = 2147483647;
			files = (
				F1C14FDF2C2DC16B0017EE1B /* WAButton.swift in Sources */,
				F15F1CB52C30171400161DCB /* BaseInfoView.swift in Sources */,
				F129D47E2C2EFEA3007003E4 /* WeekDayView.swift in Sources */,
				F14817D42C29F14400A30D20 /* ProgressController.swift in Sources */,
				F12CD9BB2C206EA2003A4BCA /* OverviewController.swift in Sources */,
				F129D4802C2F0F65007003E4 /* CalendarExt.swift in Sources */,
				F14817D22C29F12A00A30D20 /* SessionController.swift in Sources */,
				F129D4782C2ECCA0007003E4 /* OverviewNavBar.swift in Sources */,
				F14817CB2C29CB8C00A30D20 /* NavBarController.swift in Sources */,
				F129D47C2C2EFC6C007003E4 /* WeekView.swift in Sources */,
				F14817CE2C29EB5500A30D20 /* BaseController.swift in Sources */,
				F14817D62C29F15B00A30D20 /* SettingsController.swift in Sources */,
				F14817C42C2991BD00A30D20 /* TabBarController.swift in Sources */,
				F14817D02C29EEBA00A30D20 /* UIViewExt.swift in Sources */,
				F12CD9B72C206EA2003A4BCA /* AppDelegate.swift in Sources */,
				F129D47A2C2ECCE8007003E4 /* BaseView.swift in Sources */,
				F14817C82C29C2A900A30D20 /* R.swift in Sources */,
				F12CD9B92C206EA2003A4BCA /* SceneDelegate.swift in Sources */,
			);
			runOnlyForDeploymentPostprocessing = 0;
		};
/* End PBXSourcesBuildPhase section */

/* Begin PBXVariantGroup section */
		F12CD9C12C206EA5003A4BCA /* LaunchScreen.storyboard */ = {
			isa = PBXVariantGroup;
			children = (
				F12CD9C22C206EA5003A4BCA /* Base */,
			);
			name = LaunchScreen.storyboard;
			sourceTree = "<group>";
		};
/* End PBXVariantGroup section */

/* Begin XCBuildConfiguration section */
		F12CD9C52C206EA5003A4BCA /* Debug */ = {
			isa = XCBuildConfiguration;
			buildSettings = {
				ALWAYS_SEARCH_USER_PATHS = NO;
				ASSETCATALOG_COMPILER_GENERATE_SWIFT_ASSET_SYMBOL_EXTENSIONS = YES;
				CLANG_ANALYZER_NONNULL = YES;
				CLANG_ANALYZER_NUMBER_OBJECT_CONVERSION = YES_AGGRESSIVE;
				CLANG_CXX_LANGUAGE_STANDARD = "gnu++20";
				CLANG_ENABLE_MODULES = YES;
				CLANG_ENABLE_OBJC_ARC = YES;
				CLANG_ENABLE_OBJC_WEAK = YES;
				CLANG_WARN_BLOCK_CAPTURE_AUTORELEASING = YES;
				CLANG_WARN_BOOL_CONVERSION = YES;
				CLANG_WARN_COMMA = YES;
				CLANG_WARN_CONSTANT_CONVERSION = YES;
				CLANG_WARN_DEPRECATED_OBJC_IMPLEMENTATIONS = YES;
				CLANG_WARN_DIRECT_OBJC_ISA_USAGE = YES_ERROR;
				CLANG_WARN_DOCUMENTATION_COMMENTS = YES;
				CLANG_WARN_EMPTY_BODY = YES;
				CLANG_WARN_ENUM_CONVERSION = YES;
				CLANG_WARN_INFINITE_RECURSION = YES;
				CLANG_WARN_INT_CONVERSION = YES;
				CLANG_WARN_NON_LITERAL_NULL_CONVERSION = YES;
				CLANG_WARN_OBJC_IMPLICIT_RETAIN_SELF = YES;
				CLANG_WARN_OBJC_LITERAL_CONVERSION = YES;
				CLANG_WARN_OBJC_ROOT_CLASS = YES_ERROR;
				CLANG_WARN_QUOTED_INCLUDE_IN_FRAMEWORK_HEADER = YES;
				CLANG_WARN_RANGE_LOOP_ANALYSIS = YES;
				CLANG_WARN_STRICT_PROTOTYPES = YES;
				CLANG_WARN_SUSPICIOUS_MOVE = YES;
				CLANG_WARN_UNGUARDED_AVAILABILITY = YES_AGGRESSIVE;
				CLANG_WARN_UNREACHABLE_CODE = YES;
				CLANG_WARN__DUPLICATE_METHOD_MATCH = YES;
				COPY_PHASE_STRIP = NO;
				DEBUG_INFORMATION_FORMAT = dwarf;
				ENABLE_STRICT_OBJC_MSGSEND = YES;
				ENABLE_TESTABILITY = YES;
				ENABLE_USER_SCRIPT_SANDBOXING = YES;
				GCC_C_LANGUAGE_STANDARD = gnu17;
				GCC_DYNAMIC_NO_PIC = NO;
				GCC_NO_COMMON_BLOCKS = YES;
				GCC_OPTIMIZATION_LEVEL = 0;
				GCC_PREPROCESSOR_DEFINITIONS = (
					"DEBUG=1",
					"$(inherited)",
				);
				GCC_WARN_64_TO_32_BIT_CONVERSION = YES;
				GCC_WARN_ABOUT_RETURN_TYPE = YES_ERROR;
				GCC_WARN_UNDECLARED_SELECTOR = YES;
				GCC_WARN_UNINITIALIZED_AUTOS = YES_AGGRESSIVE;
				GCC_WARN_UNUSED_FUNCTION = YES;
				GCC_WARN_UNUSED_VARIABLE = YES;
				IPHONEOS_DEPLOYMENT_TARGET = 18.0;
				LOCALIZATION_PREFERS_STRING_CATALOGS = YES;
				MTL_ENABLE_DEBUG_INFO = INCLUDE_SOURCE;
				MTL_FAST_MATH = YES;
				ONLY_ACTIVE_ARCH = YES;
				SDKROOT = iphoneos;
				SWIFT_ACTIVE_COMPILATION_CONDITIONS = "DEBUG $(inherited)";
				SWIFT_EMIT_LOC_STRINGS = YES;
				SWIFT_OPTIMIZATION_LEVEL = "-Onone";
			};
			name = Debug;
		};
		F12CD9C62C206EA5003A4BCA /* Release */ = {
			isa = XCBuildConfiguration;
			buildSettings = {
				ALWAYS_SEARCH_USER_PATHS = NO;
				ASSETCATALOG_COMPILER_GENERATE_SWIFT_ASSET_SYMBOL_EXTENSIONS = YES;
				CLANG_ANALYZER_NONNULL = YES;
				CLANG_ANALYZER_NUMBER_OBJECT_CONVERSION = YES_AGGRESSIVE;
				CLANG_CXX_LANGUAGE_STANDARD = "gnu++20";
				CLANG_ENABLE_MODULES = YES;
				CLANG_ENABLE_OBJC_ARC = YES;
				CLANG_ENABLE_OBJC_WEAK = YES;
				CLANG_WARN_BLOCK_CAPTURE_AUTORELEASING = YES;
				CLANG_WARN_BOOL_CONVERSION = YES;
				CLANG_WARN_COMMA = YES;
				CLANG_WARN_CONSTANT_CONVERSION = YES;
				CLANG_WARN_DEPRECATED_OBJC_IMPLEMENTATIONS = YES;
				CLANG_WARN_DIRECT_OBJC_ISA_USAGE = YES_ERROR;
				CLANG_WARN_DOCUMENTATION_COMMENTS = YES;
				CLANG_WARN_EMPTY_BODY = YES;
				CLANG_WARN_ENUM_CONVERSION = YES;
				CLANG_WARN_INFINITE_RECURSION = YES;
				CLANG_WARN_INT_CONVERSION = YES;
				CLANG_WARN_NON_LITERAL_NULL_CONVERSION = YES;
				CLANG_WARN_OBJC_IMPLICIT_RETAIN_SELF = YES;
				CLANG_WARN_OBJC_LITERAL_CONVERSION = YES;
				CLANG_WARN_OBJC_ROOT_CLASS = YES_ERROR;
				CLANG_WARN_QUOTED_INCLUDE_IN_FRAMEWORK_HEADER = YES;
				CLANG_WARN_RANGE_LOOP_ANALYSIS = YES;
				CLANG_WARN_STRICT_PROTOTYPES = YES;
				CLANG_WARN_SUSPICIOUS_MOVE = YES;
				CLANG_WARN_UNGUARDED_AVAILABILITY = YES_AGGRESSIVE;
				CLANG_WARN_UNREACHABLE_CODE = YES;
				CLANG_WARN__DUPLICATE_METHOD_MATCH = YES;
				COPY_PHASE_STRIP = NO;
				DEBUG_INFORMATION_FORMAT = "dwarf-with-dsym";
				ENABLE_NS_ASSERTIONS = NO;
				ENABLE_STRICT_OBJC_MSGSEND = YES;
				ENABLE_USER_SCRIPT_SANDBOXING = YES;
				GCC_C_LANGUAGE_STANDARD = gnu17;
				GCC_NO_COMMON_BLOCKS = YES;
				GCC_WARN_64_TO_32_BIT_CONVERSION = YES;
				GCC_WARN_ABOUT_RETURN_TYPE = YES_ERROR;
				GCC_WARN_UNDECLARED_SELECTOR = YES;
				GCC_WARN_UNINITIALIZED_AUTOS = YES_AGGRESSIVE;
				GCC_WARN_UNUSED_FUNCTION = YES;
				GCC_WARN_UNUSED_VARIABLE = YES;
				IPHONEOS_DEPLOYMENT_TARGET = 18.0;
				LOCALIZATION_PREFERS_STRING_CATALOGS = YES;
				MTL_ENABLE_DEBUG_INFO = NO;
				MTL_FAST_MATH = YES;
				SDKROOT = iphoneos;
				SWIFT_COMPILATION_MODE = wholemodule;
				SWIFT_EMIT_LOC_STRINGS = YES;
				VALIDATE_PRODUCT = YES;
			};
			name = Release;
		};
		F12CD9C82C206EA5003A4BCA /* Debug */ = {
			isa = XCBuildConfiguration;
			buildSettings = {
				ASSETCATALOG_COMPILER_APPICON_NAME = AppIcon;
				ASSETCATALOG_COMPILER_GLOBAL_ACCENT_COLOR_NAME = AccentColor;
				CODE_SIGN_STYLE = Automatic;
				CURRENT_PROJECT_VERSION = 1;
				DEVELOPMENT_TEAM = "";
				GENERATE_INFOPLIST_FILE = YES;
				INFOPLIST_FILE = WorkoutTracking/resources/Info.plist;
				INFOPLIST_KEY_LSApplicationCategoryType = "public.app-category.healthcare-fitness";
				INFOPLIST_KEY_UIApplicationSupportsIndirectInputEvents = YES;
				INFOPLIST_KEY_UILaunchStoryboardName = LaunchScreen;
				INFOPLIST_KEY_UIMainStoryboardFile = "";
				INFOPLIST_KEY_UIStatusBarStyle = "";
				INFOPLIST_KEY_UISupportedInterfaceOrientations_iPad = "UIInterfaceOrientationPortrait UIInterfaceOrientationPortraitUpsideDown UIInterfaceOrientationLandscapeLeft UIInterfaceOrientationLandscapeRight";
				INFOPLIST_KEY_UISupportedInterfaceOrientations_iPhone = "UIInterfaceOrientationPortrait UIInterfaceOrientationLandscapeLeft UIInterfaceOrientationLandscapeRight";
				IPHONEOS_DEPLOYMENT_TARGET = 16.0;
				LD_RUNPATH_SEARCH_PATHS = (
					"$(inherited)",
					"@executable_path/Frameworks",
				);
				MARKETING_VERSION = 1.0;
				PRODUCT_BUNDLE_IDENTIFIER = pro.ksart.WorkoutTracking;
				PRODUCT_NAME = "$(TARGET_NAME)";
				SUPPORTED_PLATFORMS = "iphoneos iphonesimulator";
				SUPPORTS_MACCATALYST = NO;
				SUPPORTS_XR_DESIGNED_FOR_IPHONE_IPAD = NO;
				SWIFT_EMIT_LOC_STRINGS = YES;
				SWIFT_VERSION = 5.0;
				TARGETED_DEVICE_FAMILY = "1,2";
			};
			name = Debug;
		};
		F12CD9C92C206EA5003A4BCA /* Release */ = {
			isa = XCBuildConfiguration;
			buildSettings = {
				ASSETCATALOG_COMPILER_APPICON_NAME = AppIcon;
				ASSETCATALOG_COMPILER_GLOBAL_ACCENT_COLOR_NAME = AccentColor;
				CODE_SIGN_STYLE = Automatic;
				CURRENT_PROJECT_VERSION = 1;
				DEVELOPMENT_TEAM = "";
				GENERATE_INFOPLIST_FILE = YES;
				INFOPLIST_FILE = WorkoutTracking/resources/Info.plist;
				INFOPLIST_KEY_LSApplicationCategoryType = "public.app-category.healthcare-fitness";
				INFOPLIST_KEY_UIApplicationSupportsIndirectInputEvents = YES;
				INFOPLIST_KEY_UILaunchStoryboardName = LaunchScreen;
				INFOPLIST_KEY_UIMainStoryboardFile = "";
				INFOPLIST_KEY_UIStatusBarStyle = "";
				INFOPLIST_KEY_UISupportedInterfaceOrientations_iPad = "UIInterfaceOrientationPortrait UIInterfaceOrientationPortraitUpsideDown UIInterfaceOrientationLandscapeLeft UIInterfaceOrientationLandscapeRight";
				INFOPLIST_KEY_UISupportedInterfaceOrientations_iPhone = "UIInterfaceOrientationPortrait UIInterfaceOrientationLandscapeLeft UIInterfaceOrientationLandscapeRight";
				IPHONEOS_DEPLOYMENT_TARGET = 16.0;
				LD_RUNPATH_SEARCH_PATHS = (
					"$(inherited)",
					"@executable_path/Frameworks",
				);
				MARKETING_VERSION = 1.0;
				PRODUCT_BUNDLE_IDENTIFIER = pro.ksart.WorkoutTracking;
				PRODUCT_NAME = "$(TARGET_NAME)";
				SUPPORTED_PLATFORMS = "iphoneos iphonesimulator";
				SUPPORTS_MACCATALYST = NO;
				SUPPORTS_XR_DESIGNED_FOR_IPHONE_IPAD = NO;
				SWIFT_EMIT_LOC_STRINGS = YES;
				SWIFT_VERSION = 5.0;
				TARGETED_DEVICE_FAMILY = "1,2";
			};
			name = Release;
		};
/* End XCBuildConfiguration section */

/* Begin XCConfigurationList section */
		F12CD9AE2C206EA2003A4BCA /* Build configuration list for PBXProject "WorkoutTracking" */ = {
			isa = XCConfigurationList;
			buildConfigurations = (
				F12CD9C52C206EA5003A4BCA /* Debug */,
				F12CD9C62C206EA5003A4BCA /* Release */,
			);
			defaultConfigurationIsVisible = 0;
			defaultConfigurationName = Release;
		};
		F12CD9C72C206EA5003A4BCA /* Build configuration list for PBXNativeTarget "WorkoutTracking" */ = {
			isa = XCConfigurationList;
			buildConfigurations = (
				F12CD9C82C206EA5003A4BCA /* Debug */,
				F12CD9C92C206EA5003A4BCA /* Release */,
			);
			defaultConfigurationIsVisible = 0;
			defaultConfigurationName = Release;
		};
/* End XCConfigurationList section */
	};
	rootObject = F12CD9AB2C206EA2003A4BCA /* Project object */;
}
